
Microsoft Visual Studio Solution File, Format Version 12.00
# Visual Studio 15
VisualStudioVersion = 15.0.28307.572
MinimumVisualStudioVersion = 10.0.40219.1
Project("{9A19103F-16F7-4668-BE54-9A1E7A4F7556}") = "UriBuilder", "UriBuilder\UriBuilder.csproj", "{1AC861B4-C4F5-408C-AF42-24B13DB2D2D1}"
EndProject
Project("{9A19103F-16F7-4668-BE54-9A1E7A4F7556}") = "UriBuilder.Test", "UriBuilder.Test\UriBuilder.Test.csproj", "{888FBD86-C88B-4200-B787-818123EFE57A}"
EndProject
Project("{2150E333-8FDC-42A3-9474-1A3956D46DE8}") = "Solution Items", "Solution Items", "{7315EE08-6CAF-4806-AFDA-FD98C6E43D3E}"
	ProjectSection(SolutionItems) = preProject
		.gitignore = .gitignore
		.travis.yml = .travis.yml
		changelog.md = changelog.md
		license_apache.txt = license_apache.txt
		license_mit.txt = license_mit.txt
		readme.md = readme.md
	EndProjectSection
EndProject
Project("{2150E333-8FDC-42A3-9474-1A3956D46DE8}") = "Build Config", "Build Config", "{ACEB755A-85C7-4937-9638-F1126328239B}"
ProjectSection(SolutionItems) = preProject
	global.json = global.json
	Packages.props = Packages.props
EndProjectSection
EndProject
Global
	GlobalSection(SolutionConfigurationPlatforms) = preSolution
		Debug|Any CPU = Debug|Any CPU
		Release|Any CPU = Release|Any CPU
	EndGlobalSection
	GlobalSection(ProjectConfigurationPlatforms) = postSolution
		{1AC861B4-C4F5-408C-AF42-24B13DB2D2D1}.Debug|Any CPU.ActiveCfg = Debug|Any CPU
		{1AC861B4-C4F5-408C-AF42-24B13DB2D2D1}.Debug|Any CPU.Build.0 = Debug|Any CPU
		{1AC861B4-C4F5-408C-AF42-24B13DB2D2D1}.Release|Any CPU.ActiveCfg = Release|Any CPU
		{1AC861B4-C4F5-408C-AF42-24B13DB2D2D1}.Release|Any CPU.Build.0 = Release|Any CPU
		{888FBD86-C88B-4200-B787-818123EFE57A}.Debug|Any CPU.ActiveCfg = Debug|Any CPU
		{888FBD86-C88B-4200-B787-818123EFE57A}.Debug|Any CPU.Build.0 = Debug|Any CPU
		{888FBD86-C88B-4200-B787-818123EFE57A}.Release|Any CPU.ActiveCfg = Release|Any CPU
		{888FBD86-C88B-4200-B787-818123EFE57A}.Release|Any CPU.Build.0 = Release|Any CPU
	EndGlobalSection
	GlobalSection(SolutionProperties) = preSolution
		HideSolutionNode = FALSE
	EndGlobalSection
	GlobalSection(ExtensibilityGlobals) = postSolution
		SolutionGuid = {CC4BE93E-EABA-4665-87E9-38DA45046C05}
	EndGlobalSection
EndGlobal
